
Microsoft Visual Studio Solution File, Format Version 12.00
# Visual Studio 15
VisualStudioVersion = 15.0.26730.12
MinimumVisualStudioVersion = 10.0.40219.1
Project("{FAE04EC0-301F-11D3-BF4B-00C04F79EFBC}") = "silmukka-11", "silmukka-11\silmukka-11.csproj", "{B7D66F30-8BB9-40D5-A55F-C207BA105388}"
EndProject
Global
	GlobalSection(SolutionConfigurationPlatforms) = preSolution
		Debug|Any CPU = Debug|Any CPU
		Release|Any CPU = Release|Any CPU
	EndGlobalSection
	GlobalSection(ProjectConfigurationPlatforms) = postSolution
		{B7D66F30-8BB9-40D5-A55F-C207BA105388}.Debug|Any CPU.ActiveCfg = Debug|Any CPU
		{B7D66F30-8BB9-40D5-A55F-C207BA105388}.Debug|Any CPU.Build.0 = Debug|Any CPU
		{B7D66F30-8BB9-40D5-A55F-C207BA105388}.Release|Any CPU.ActiveCfg = Release|Any CPU
		{B7D66F30-8BB9-40D5-A55F-C207BA105388}.Release|Any CPU.Build.0 = Release|Any CPU
	EndGlobalSection
	GlobalSection(SolutionProperties) = preSolution
		HideSolutionNode = FALSE
	EndGlobalSection
	GlobalSection(ExtensibilityGlobals) = postSolution
		SolutionGuid = {719467F0-592F-4DBD-803B-E4EDEF74608E}
	EndGlobalSection
EndGlobal
