
Microsoft Visual Studio Solution File, Format Version 12.00
# Visual Studio 15
VisualStudioVersion = 15.0.26730.12
MinimumVisualStudioVersion = 10.0.40219.1
Project("{FAE04EC0-301F-11D3-BF4B-00C04F79EFBC}") = "silmukka-7", "silmukka-7\silmukka-7.csproj", "{4E64ACE1-2D9A-4EBF-BE8F-8B458052E377}"
EndProject
Global
	GlobalSection(SolutionConfigurationPlatforms) = preSolution
		Debug|Any CPU = Debug|Any CPU
		Release|Any CPU = Release|Any CPU
	EndGlobalSection
	GlobalSection(ProjectConfigurationPlatforms) = postSolution
		{4E64ACE1-2D9A-4EBF-BE8F-8B458052E377}.Debug|Any CPU.ActiveCfg = Debug|Any CPU
		{4E64ACE1-2D9A-4EBF-BE8F-8B458052E377}.Debug|Any CPU.Build.0 = Debug|Any CPU
		{4E64ACE1-2D9A-4EBF-BE8F-8B458052E377}.Release|Any CPU.ActiveCfg = Release|Any CPU
		{4E64ACE1-2D9A-4EBF-BE8F-8B458052E377}.Release|Any CPU.Build.0 = Release|Any CPU
	EndGlobalSection
	GlobalSection(SolutionProperties) = preSolution
		HideSolutionNode = FALSE
	EndGlobalSection
	GlobalSection(ExtensibilityGlobals) = postSolution
		SolutionGuid = {74C295D7-2D9A-4A4F-BF7B-45CDDE2F40DC}
	EndGlobalSection
EndGlobal
