
Microsoft Visual Studio Solution File, Format Version 12.00
# Visual Studio 15
VisualStudioVersion = 15.0.26730.12
MinimumVisualStudioVersion = 10.0.40219.1
Project("{FAE04EC0-301F-11D3-BF4B-00C04F79EFBC}") = "strings-5", "strings-5\strings-5.csproj", "{9B025FF9-0C57-4061-96DE-3FBE53F5A027}"
EndProject
Global
	GlobalSection(SolutionConfigurationPlatforms) = preSolution
		Debug|Any CPU = Debug|Any CPU
		Release|Any CPU = Release|Any CPU
	EndGlobalSection
	GlobalSection(ProjectConfigurationPlatforms) = postSolution
		{9B025FF9-0C57-4061-96DE-3FBE53F5A027}.Debug|Any CPU.ActiveCfg = Debug|Any CPU
		{9B025FF9-0C57-4061-96DE-3FBE53F5A027}.Debug|Any CPU.Build.0 = Debug|Any CPU
		{9B025FF9-0C57-4061-96DE-3FBE53F5A027}.Release|Any CPU.ActiveCfg = Release|Any CPU
		{9B025FF9-0C57-4061-96DE-3FBE53F5A027}.Release|Any CPU.Build.0 = Release|Any CPU
	EndGlobalSection
	GlobalSection(SolutionProperties) = preSolution
		HideSolutionNode = FALSE
	EndGlobalSection
	GlobalSection(ExtensibilityGlobals) = postSolution
		SolutionGuid = {77D64CB1-86F2-4713-8AB3-3E7230BDB068}
	EndGlobalSection
EndGlobal
