
Microsoft Visual Studio Solution File, Format Version 12.00
# Visual Studio 15
VisualStudioVersion = 15.0.26730.12
MinimumVisualStudioVersion = 10.0.40219.1
Project("{FAE04EC0-301F-11D3-BF4B-00C04F79EFBC}") = "tehtava-3", "tehtava-3\tehtava-3.csproj", "{6FED88F8-D01F-4391-BF69-396508201386}"
EndProject
Global
	GlobalSection(SolutionConfigurationPlatforms) = preSolution
		Debug|Any CPU = Debug|Any CPU
		Release|Any CPU = Release|Any CPU
	EndGlobalSection
	GlobalSection(ProjectConfigurationPlatforms) = postSolution
		{6FED88F8-D01F-4391-BF69-396508201386}.Debug|Any CPU.ActiveCfg = Debug|Any CPU
		{6FED88F8-D01F-4391-BF69-396508201386}.Debug|Any CPU.Build.0 = Debug|Any CPU
		{6FED88F8-D01F-4391-BF69-396508201386}.Release|Any CPU.ActiveCfg = Release|Any CPU
		{6FED88F8-D01F-4391-BF69-396508201386}.Release|Any CPU.Build.0 = Release|Any CPU
	EndGlobalSection
	GlobalSection(SolutionProperties) = preSolution
		HideSolutionNode = FALSE
	EndGlobalSection
	GlobalSection(ExtensibilityGlobals) = postSolution
		SolutionGuid = {76357F55-1C7E-4D28-84F1-FCA33E365579}
	EndGlobalSection
EndGlobal
